// !$*UTF8*$!
{
	archiveVersion = 1;
	classes = {
	};
	objectVersion = 46;
	objects = {

/* Begin PBXBuildFile section */
		6561EF641B0107F800B29B87 /* SDL2_ttf.framework in Frameworks */ = {isa = PBXBuildFile; fileRef = 6561EF631B0107F800B29B87 /* SDL2_ttf.framework */; };
		6561EF681B01082400B29B87 /* DebugText.cpp in Sources */ = {isa = PBXBuildFile; fileRef = 6561EF661B01082400B29B87 /* DebugText.cpp */; };
		6561EF6A1B0113D200B29B87 /* Box2D.framework in Frameworks */ = {isa = PBXBuildFile; fileRef = 6561EF691B0113D200B29B87 /* Box2D.framework */; };
		65B024F11AFAE4F400CC3722 /* SDL2.framework in Frameworks */ = {isa = PBXBuildFile; fileRef = 65B024F01AFAE4F400CC3722 /* SDL2.framework */; };
		65B024F41AFC398B00CC3722 /* SDL2_image.framework in Frameworks */ = {isa = PBXBuildFile; fileRef = 65B024F31AFC398B00CC3722 /* SDL2_image.framework */; };
		65B024F61AFC3C7A00CC3722 /* Content in CopyFiles */ = {isa = PBXBuildFile; fileRef = 65B024F51AFC3C7100CC3722 /* Content */; };
		65B025031AFC448100CC3722 /* Actor.cpp in Sources */ = {isa = PBXBuildFile; fileRef = 65B024FE1AFC448100CC3722 /* Actor.cpp */; };
		65B025041AFC448100CC3722 /* main.cpp in Sources */ = {isa = PBXBuildFile; fileRef = 65B025011AFC448100CC3722 /* main.cpp */; };
		65B025071AFC4F1D00CC3722 /* Player.cpp in Sources */ = {isa = PBXBuildFile; fileRef = 65B025051AFC4F1D00CC3722 /* Player.cpp */; };
		65B0250D1AFD921400CC3722 /* ActorSystem.cpp in Sources */ = {isa = PBXBuildFile; fileRef = 65B0250C1AFD921400CC3722 /* ActorSystem.cpp */; };
		65B025121AFD9DB400CC3722 /* Camera.cpp in Sources */ = {isa = PBXBuildFile; fileRef = 65B025101AFD9DB400CC3722 /* Camera.cpp */; };
		65B025161AFDA9E800CC3722 /* Gadget.cpp in Sources */ = {isa = PBXBuildFile; fileRef = 65B025141AFDA9E800CC3722 /* Gadget.cpp */; };
		65B025191AFDAAA300CC3722 /* CollisionGadget.cpp in Sources */ = {isa = PBXBuildFile; fileRef = 65B025171AFDAAA300CC3722 /* CollisionGadget.cpp */; };
		65B025211AFE54E000CC3722 /* Lua.framework in Frameworks */ = {isa = PBXBuildFile; fileRef = 65B025201AFE54E000CC3722 /* Lua.framework */; };
		65B0252A1AFE55B400CC3722 /* LuaScript.cpp in Sources */ = {isa = PBXBuildFile; fileRef = 65B025261AFE55B400CC3722 /* LuaScript.cpp */; };
		65B0252B1AFE55B400CC3722 /* Vector2d.cpp in Sources */ = {isa = PBXBuildFile; fileRef = 65B025281AFE55B400CC3722 /* Vector2d.cpp */; };
		65B025351AFE64B600CC3722 /* GadgetSystem.cpp in Sources */ = {isa = PBXBuildFile; fileRef = 65B025331AFE64B600CC3722 /* GadgetSystem.cpp */; };
		65B025381AFEAE5800CC3722 /* AABB.cpp in Sources */ = {isa = PBXBuildFile; fileRef = 65B025361AFEAE5800CC3722 /* AABB.cpp */; };
		65B0253B1AFEFF3E00CC3722 /* CollisionSystem.cpp in Sources */ = {isa = PBXBuildFile; fileRef = 65B025391AFEFF3E00CC3722 /* CollisionSystem.cpp */; };
		65B0253E1AFFBB6300CC3722 /* RotMat.cpp in Sources */ = {isa = PBXBuildFile; fileRef = 65B0253C1AFFBB6300CC3722 /* RotMat.cpp */; };
		65B0BE1B1B003FA300E4C197 /* GravityGadget.cpp in Sources */ = {isa = PBXBuildFile; fileRef = 65B0BE191B003FA300E4C197 /* GravityGadget.cpp */; };
/* End PBXBuildFile section */

/* Begin PBXCopyFilesBuildPhase section */
		65B024E41AFAE4AD00CC3722 /* CopyFiles */ = {
			isa = PBXCopyFilesBuildPhase;
			buildActionMask = 12;
			dstPath = "";
			dstSubfolderSpec = 16;
			files = (
				65B024F61AFC3C7A00CC3722 /* Content in CopyFiles */,
			);
			runOnlyForDeploymentPostprocessing = 0;
		};
/* End PBXCopyFilesBuildPhase section */

/* Begin PBXFileReference section */
		6561EF631B0107F800B29B87 /* SDL2_ttf.framework */ = {isa = PBXFileReference; lastKnownFileType = wrapper.framework; name = SDL2_ttf.framework; path = ../../../../Library/Frameworks/SDL2_ttf.framework; sourceTree = "<group>"; };
		6561EF661B01082400B29B87 /* DebugText.cpp */ = {isa = PBXFileReference; fileEncoding = 4; lastKnownFileType = sourcecode.cpp.cpp; name = DebugText.cpp; path = Code/Debug/DebugText.cpp; sourceTree = "<group>"; };
		6561EF671B01082400B29B87 /* DebugText.h */ = {isa = PBXFileReference; fileEncoding = 4; lastKnownFileType = sourcecode.c.h; name = DebugText.h; path = Code/Debug/DebugText.h; sourceTree = "<group>"; };
		6561EF691B0113D200B29B87 /* Box2D.framework */ = {isa = PBXFileReference; lastKnownFileType = wrapper.framework; name = Box2D.framework; path = ../../../../Library/Frameworks/Box2D.framework; sourceTree = "<group>"; };
		65B024E61AFAE4AD00CC3722 /* knapsack */ = {isa = PBXFileReference; explicitFileType = "compiled.mach-o.executable"; includeInIndex = 0; path = knapsack; sourceTree = BUILT_PRODUCTS_DIR; };
		65B024F01AFAE4F400CC3722 /* SDL2.framework */ = {isa = PBXFileReference; lastKnownFileType = wrapper.framework; name = SDL2.framework; path = ../../../../Library/Frameworks/SDL2.framework; sourceTree = "<group>"; };
		65B024F31AFC398B00CC3722 /* SDL2_image.framework */ = {isa = PBXFileReference; lastKnownFileType = wrapper.framework; name = SDL2_image.framework; path = ../../../../Library/Frameworks/SDL2_image.framework; sourceTree = "<group>"; };
		65B024F51AFC3C7100CC3722 /* Content */ = {isa = PBXFileReference; lastKnownFileType = folder; name = Content; path = knapsack/Content; sourceTree = "<group>"; };
		65B024FE1AFC448100CC3722 /* Actor.cpp */ = {isa = PBXFileReference; fileEncoding = 4; lastKnownFileType = sourcecode.cpp.cpp; name = Actor.cpp; path = Code/Actor.cpp; sourceTree = "<group>"; };
		65B024FF1AFC448100CC3722 /* Actor.h */ = {isa = PBXFileReference; fileEncoding = 4; lastKnownFileType = sourcecode.c.h; name = Actor.h; path = Code/Actor.h; sourceTree = "<group>"; };
		65B025011AFC448100CC3722 /* main.cpp */ = {isa = PBXFileReference; fileEncoding = 4; lastKnownFileType = sourcecode.cpp.cpp; name = main.cpp; path = Code/main.cpp; sourceTree = "<group>"; };
		65B025021AFC448100CC3722 /* main.h */ = {isa = PBXFileReference; fileEncoding = 4; lastKnownFileType = sourcecode.c.h; name = main.h; path = Code/main.h; sourceTree = "<group>"; };
		65B025051AFC4F1D00CC3722 /* Player.cpp */ = {isa = PBXFileReference; fileEncoding = 4; lastKnownFileType = sourcecode.cpp.cpp; name = Player.cpp; path = Code/Player.cpp; sourceTree = "<group>"; };
		65B025061AFC4F1D00CC3722 /* Player.h */ = {isa = PBXFileReference; fileEncoding = 4; lastKnownFileType = sourcecode.c.h; name = Player.h; path = Code/Player.h; sourceTree = "<group>"; };
		65B0250C1AFD921400CC3722 /* ActorSystem.cpp */ = {isa = PBXFileReference; lastKnownFileType = sourcecode.cpp.cpp; name = ActorSystem.cpp; path = knapsack/Code/Systems/ActorSystem.cpp; sourceTree = "<group>"; };
		65B0250E1AFD921D00CC3722 /* Vector2d.cpp */ = {isa = PBXFileReference; lastKnownFileType = sourcecode.cpp.cpp; name = Vector2d.cpp; path = knapsack/Code/ext/Vector2d.cpp; sourceTree = "<group>"; };
		65B025101AFD9DB400CC3722 /* Camera.cpp */ = {isa = PBXFileReference; fileEncoding = 4; lastKnownFileType = sourcecode.cpp.cpp; name = Camera.cpp; path = Code/Camera.cpp; sourceTree = "<group>"; };
		65B025111AFD9DB400CC3722 /* Camera.h */ = {isa = PBXFileReference; fileEncoding = 4; lastKnownFileType = sourcecode.c.h; name = Camera.h; path = Code/Camera.h; sourceTree = "<group>"; };
		65B025131AFDA63500CC3722 /* DEFINES.h */ = {isa = PBXFileReference; lastKnownFileType = sourcecode.c.h; path = DEFINES.h; sourceTree = "<group>"; };
		65B025141AFDA9E800CC3722 /* Gadget.cpp */ = {isa = PBXFileReference; fileEncoding = 4; lastKnownFileType = sourcecode.cpp.cpp; name = Gadget.cpp; path = Code/Gadgets/Gadget.cpp; sourceTree = "<group>"; };
		65B025151AFDA9E800CC3722 /* Gadget.h */ = {isa = PBXFileReference; fileEncoding = 4; lastKnownFileType = sourcecode.c.h; name = Gadget.h; path = Code/Gadgets/Gadget.h; sourceTree = "<group>"; };
		65B025171AFDAAA300CC3722 /* CollisionGadget.cpp */ = {isa = PBXFileReference; fileEncoding = 4; lastKnownFileType = sourcecode.cpp.cpp; name = CollisionGadget.cpp; path = Code/Gadgets/CollisionGadget.cpp; sourceTree = "<group>"; };
		65B025181AFDAAA300CC3722 /* CollisionGadget.h */ = {isa = PBXFileReference; fileEncoding = 4; lastKnownFileType = sourcecode.c.h; name = CollisionGadget.h; path = Code/Gadgets/CollisionGadget.h; sourceTree = "<group>"; };
		65B025201AFE54E000CC3722 /* Lua.framework */ = {isa = PBXFileReference; lastKnownFileType = wrapper.framework; name = Lua.framework; path = ../../../../Library/Frameworks/Lua.framework; sourceTree = "<group>"; };
		65B025261AFE55B400CC3722 /* LuaScript.cpp */ = {isa = PBXFileReference; fileEncoding = 4; lastKnownFileType = sourcecode.cpp.cpp; name = LuaScript.cpp; path = Code/ext/LuaScript.cpp; sourceTree = "<group>"; };
		65B025271AFE55B400CC3722 /* LuaScript.h */ = {isa = PBXFileReference; fileEncoding = 4; lastKnownFileType = sourcecode.c.h; name = LuaScript.h; path = Code/ext/LuaScript.h; sourceTree = "<group>"; };
		65B025281AFE55B400CC3722 /* Vector2d.cpp */ = {isa = PBXFileReference; fileEncoding = 4; lastKnownFileType = sourcecode.cpp.cpp; name = Vector2d.cpp; path = Code/ext/Vector2d.cpp; sourceTree = "<group>"; };
		65B025291AFE55B400CC3722 /* Vector2d.h */ = {isa = PBXFileReference; fileEncoding = 4; lastKnownFileType = sourcecode.c.h; name = Vector2d.h; path = Code/ext/Vector2d.h; sourceTree = "<group>"; };
		65B025301AFE55D100CC3722 /* ActorSystem.cpp */ = {isa = PBXFileReference; fileEncoding = 4; lastKnownFileType = sourcecode.cpp.cpp; name = ActorSystem.cpp; path = Code/Systems/ActorSystem.cpp; sourceTree = "<group>"; };
		65B025311AFE55D100CC3722 /* ActorSystem.h */ = {isa = PBXFileReference; fileEncoding = 4; lastKnownFileType = sourcecode.c.h; name = ActorSystem.h; path = Code/Systems/ActorSystem.h; sourceTree = "<group>"; };
		65B025331AFE64B600CC3722 /* GadgetSystem.cpp */ = {isa = PBXFileReference; fileEncoding = 4; lastKnownFileType = sourcecode.cpp.cpp; name = GadgetSystem.cpp; path = Code/Systems/GadgetSystem.cpp; sourceTree = "<group>"; };
		65B025341AFE64B600CC3722 /* GadgetSystem.h */ = {isa = PBXFileReference; fileEncoding = 4; lastKnownFileType = sourcecode.c.h; name = GadgetSystem.h; path = Code/Systems/GadgetSystem.h; sourceTree = "<group>"; };
		65B025361AFEAE5800CC3722 /* AABB.cpp */ = {isa = PBXFileReference; fileEncoding = 4; lastKnownFileType = sourcecode.cpp.cpp; name = AABB.cpp; path = Code/ext/AABB.cpp; sourceTree = "<group>"; };
		65B025371AFEAE5800CC3722 /* AABB.h */ = {isa = PBXFileReference; fileEncoding = 4; lastKnownFileType = sourcecode.c.h; name = AABB.h; path = Code/ext/AABB.h; sourceTree = "<group>"; };
		65B025391AFEFF3E00CC3722 /* CollisionSystem.cpp */ = {isa = PBXFileReference; fileEncoding = 4; lastKnownFileType = sourcecode.cpp.cpp; name = CollisionSystem.cpp; path = Code/Systems/CollisionSystem.cpp; sourceTree = "<group>"; };
		65B0253A1AFEFF3E00CC3722 /* CollisionSystem.h */ = {isa = PBXFileReference; fileEncoding = 4; lastKnownFileType = sourcecode.c.h; name = CollisionSystem.h; path = Code/Systems/CollisionSystem.h; sourceTree = "<group>"; };
		65B0253C1AFFBB6300CC3722 /* RotMat.cpp */ = {isa = PBXFileReference; fileEncoding = 4; lastKnownFileType = sourcecode.cpp.cpp; name = RotMat.cpp; path = Code/ext/RotMat.cpp; sourceTree = "<group>"; };
		65B0253D1AFFBB6300CC3722 /* RotMat.h */ = {isa = PBXFileReference; fileEncoding = 4; lastKnownFileType = sourcecode.c.h; name = RotMat.h; path = Code/ext/RotMat.h; sourceTree = "<group>"; };
		65B0BE191B003FA300E4C197 /* GravityGadget.cpp */ = {isa = PBXFileReference; fileEncoding = 4; lastKnownFileType = sourcecode.cpp.cpp; name = GravityGadget.cpp; path = Code/Gadgets/GravityGadget.cpp; sourceTree = "<group>"; };
		65B0BE1A1B003FA300E4C197 /* GravityGadget.h */ = {isa = PBXFileReference; fileEncoding = 4; lastKnownFileType = sourcecode.c.h; name = GravityGadget.h; path = Code/Gadgets/GravityGadget.h; sourceTree = "<group>"; };
/* End PBXFileReference section */

/* Begin PBXFrameworksBuildPhase section */
		65B024E31AFAE4AD00CC3722 /* Frameworks */ = {
			isa = PBXFrameworksBuildPhase;
			buildActionMask = 2147483647;
			files = (
				6561EF6A1B0113D200B29B87 /* Box2D.framework in Frameworks */,
				6561EF641B0107F800B29B87 /* SDL2_ttf.framework in Frameworks */,
				65B025211AFE54E000CC3722 /* Lua.framework in Frameworks */,
				65B024F41AFC398B00CC3722 /* SDL2_image.framework in Frameworks */,
				65B024F11AFAE4F400CC3722 /* SDL2.framework in Frameworks */,
			);
			runOnlyForDeploymentPostprocessing = 0;
		};
/* End PBXFrameworksBuildPhase section */

/* Begin PBXGroup section */
		6561EF651B01080300B29B87 /* Debug */ = {
			isa = PBXGroup;
			children = (
				6561EF661B01082400B29B87 /* DebugText.cpp */,
				6561EF671B01082400B29B87 /* DebugText.h */,
			);
			name = Debug;
			sourceTree = "<group>";
		};
		65B024DD1AFAE4AD00CC3722 = {
			isa = PBXGroup;
			children = (
				6561EF691B0113D200B29B87 /* Box2D.framework */,
				6561EF631B0107F800B29B87 /* SDL2_ttf.framework */,
				65B025201AFE54E000CC3722 /* Lua.framework */,
				65B0250E1AFD921D00CC3722 /* Vector2d.cpp */,
				65B0250C1AFD921400CC3722 /* ActorSystem.cpp */,
				65B024F31AFC398B00CC3722 /* SDL2_image.framework */,
				65B024F01AFAE4F400CC3722 /* SDL2.framework */,
				65B024E81AFAE4AD00CC3722 /* knapsack */,
				65B024E71AFAE4AD00CC3722 /* Products */,
				65B024F51AFC3C7100CC3722 /* Content */,
			);
			sourceTree = "<group>";
		};
		65B024E71AFAE4AD00CC3722 /* Products */ = {
			isa = PBXGroup;
			children = (
				65B024E61AFAE4AD00CC3722 /* knapsack */,
			);
			name = Products;
			sourceTree = "<group>";
		};
		65B024E81AFAE4AD00CC3722 /* knapsack */ = {
			isa = PBXGroup;
			children = (
				6561EF651B01080300B29B87 /* Debug */,
				65B025251AFE55A400CC3722 /* ext */,
				65B024FE1AFC448100CC3722 /* Actor.cpp */,
				65B024FF1AFC448100CC3722 /* Actor.h */,
				65B025011AFC448100CC3722 /* main.cpp */,
				65B025021AFC448100CC3722 /* main.h */,
				65B025051AFC4F1D00CC3722 /* Player.cpp */,
				65B025061AFC4F1D00CC3722 /* Player.h */,
				65B025101AFD9DB400CC3722 /* Camera.cpp */,
				65B025111AFD9DB400CC3722 /* Camera.h */,
				65B025131AFDA63500CC3722 /* DEFINES.h */,
				65B0251A1AFDABEE00CC3722 /* Gadgets */,
				65B0252F1AFE55C900CC3722 /* Systems */,
			);
			path = knapsack;
			sourceTree = "<group>";
		};
		65B0251A1AFDABEE00CC3722 /* Gadgets */ = {
			isa = PBXGroup;
			children = (
				65B025141AFDA9E800CC3722 /* Gadget.cpp */,
				65B025151AFDA9E800CC3722 /* Gadget.h */,
				65B025171AFDAAA300CC3722 /* CollisionGadget.cpp */,
				65B025181AFDAAA300CC3722 /* CollisionGadget.h */,
				65B0BE191B003FA300E4C197 /* GravityGadget.cpp */,
				65B0BE1A1B003FA300E4C197 /* GravityGadget.h */,
			);
			name = Gadgets;
			sourceTree = "<group>";
		};
		65B025251AFE55A400CC3722 /* ext */ = {
			isa = PBXGroup;
			children = (
				65B025261AFE55B400CC3722 /* LuaScript.cpp */,
				65B025271AFE55B400CC3722 /* LuaScript.h */,
				65B025281AFE55B400CC3722 /* Vector2d.cpp */,
				65B025291AFE55B400CC3722 /* Vector2d.h */,
				65B025361AFEAE5800CC3722 /* AABB.cpp */,
				65B025371AFEAE5800CC3722 /* AABB.h */,
				65B0253C1AFFBB6300CC3722 /* RotMat.cpp */,
				65B0253D1AFFBB6300CC3722 /* RotMat.h */,
			);
			name = ext;
			sourceTree = "<group>";
		};
		65B0252F1AFE55C900CC3722 /* Systems */ = {
			isa = PBXGroup;
			children = (
				65B025301AFE55D100CC3722 /* ActorSystem.cpp */,
				65B025311AFE55D100CC3722 /* ActorSystem.h */,
				65B025331AFE64B600CC3722 /* GadgetSystem.cpp */,
				65B025341AFE64B600CC3722 /* GadgetSystem.h */,
				65B025391AFEFF3E00CC3722 /* CollisionSystem.cpp */,
				65B0253A1AFEFF3E00CC3722 /* CollisionSystem.h */,
			);
			name = Systems;
			sourceTree = "<group>";
		};
/* End PBXGroup section */

/* Begin PBXNativeTarget section */
		65B024E51AFAE4AD00CC3722 /* knapsack */ = {
			isa = PBXNativeTarget;
			buildConfigurationList = 65B024ED1AFAE4AD00CC3722 /* Build configuration list for PBXNativeTarget "knapsack" */;
			buildPhases = (
				65B024E21AFAE4AD00CC3722 /* Sources */,
				65B024E31AFAE4AD00CC3722 /* Frameworks */,
				65B024E41AFAE4AD00CC3722 /* CopyFiles */,
			);
			buildRules = (
			);
			dependencies = (
			);
			name = knapsack;
			productName = knapsack;
			productReference = 65B024E61AFAE4AD00CC3722 /* knapsack */;
			productType = "com.apple.product-type.tool";
		};
/* End PBXNativeTarget section */

/* Begin PBXProject section */
		65B024DE1AFAE4AD00CC3722 /* Project object */ = {
			isa = PBXProject;
			attributes = {
				LastUpgradeCheck = 0630;
				ORGANIZATIONNAME = "Derek Peterson";
				TargetAttributes = {
					65B024E51AFAE4AD00CC3722 = {
						CreatedOnToolsVersion = 6.3.1;
					};
				};
			};
			buildConfigurationList = 65B024E11AFAE4AD00CC3722 /* Build configuration list for PBXProject "knapsack" */;
			compatibilityVersion = "Xcode 3.2";
			developmentRegion = English;
			hasScannedForEncodings = 0;
			knownRegions = (
				en,
			);
			mainGroup = 65B024DD1AFAE4AD00CC3722;
			productRefGroup = 65B024E71AFAE4AD00CC3722 /* Products */;
			projectDirPath = "";
			projectRoot = "";
			targets = (
				65B024E51AFAE4AD00CC3722 /* knapsack */,
			);
		};
/* End PBXProject section */

/* Begin PBXSourcesBuildPhase section */
		65B024E21AFAE4AD00CC3722 /* Sources */ = {
			isa = PBXSourcesBuildPhase;
			buildActionMask = 2147483647;
			files = (
				65B0250D1AFD921400CC3722 /* ActorSystem.cpp in Sources */,
				65B025161AFDA9E800CC3722 /* Gadget.cpp in Sources */,
				65B0BE1B1B003FA300E4C197 /* GravityGadget.cpp in Sources */,
				65B025351AFE64B600CC3722 /* GadgetSystem.cpp in Sources */,
				65B025041AFC448100CC3722 /* main.cpp in Sources */,
				65B025191AFDAAA300CC3722 /* CollisionGadget.cpp in Sources */,
				65B025031AFC448100CC3722 /* Actor.cpp in Sources */,
				6561EF681B01082400B29B87 /* DebugText.cpp in Sources */,
				65B0253E1AFFBB6300CC3722 /* RotMat.cpp in Sources */,
				65B025121AFD9DB400CC3722 /* Camera.cpp in Sources */,
				65B0252B1AFE55B400CC3722 /* Vector2d.cpp in Sources */,
				65B025381AFEAE5800CC3722 /* AABB.cpp in Sources */,
				65B0253B1AFEFF3E00CC3722 /* CollisionSystem.cpp in Sources */,
				65B025071AFC4F1D00CC3722 /* Player.cpp in Sources */,
				65B0252A1AFE55B400CC3722 /* LuaScript.cpp in Sources */,
			);
			runOnlyForDeploymentPostprocessing = 0;
		};
/* End PBXSourcesBuildPhase section */

/* Begin XCBuildConfiguration section */
		65B024EB1AFAE4AD00CC3722 /* Debug */ = {
			isa = XCBuildConfiguration;
			buildSettings = {
				ALWAYS_SEARCH_USER_PATHS = NO;
				CLANG_CXX_LANGUAGE_STANDARD = "gnu++0x";
				CLANG_CXX_LIBRARY = "libc++";
				CLANG_ENABLE_MODULES = YES;
				CLANG_ENABLE_OBJC_ARC = YES;
				CLANG_WARN_BOOL_CONVERSION = YES;
				CLANG_WARN_CONSTANT_CONVERSION = YES;
				CLANG_WARN_DIRECT_OBJC_ISA_USAGE = YES_ERROR;
				CLANG_WARN_EMPTY_BODY = YES;
				CLANG_WARN_ENUM_CONVERSION = YES;
				CLANG_WARN_INT_CONVERSION = YES;
				CLANG_WARN_OBJC_ROOT_CLASS = YES_ERROR;
				CLANG_WARN_UNREACHABLE_CODE = YES;
				CLANG_WARN__DUPLICATE_METHOD_MATCH = YES;
				COPY_PHASE_STRIP = NO;
				DEBUG_INFORMATION_FORMAT = dwarf;
				ENABLE_STRICT_OBJC_MSGSEND = YES;
				GCC_C_LANGUAGE_STANDARD = gnu99;
				GCC_DYNAMIC_NO_PIC = NO;
				GCC_NO_COMMON_BLOCKS = YES;
				GCC_OPTIMIZATION_LEVEL = 0;
				GCC_PREPROCESSOR_DEFINITIONS = (
					"DEBUG=1",
					"$(inherited)",
				);
				GCC_SYMBOLS_PRIVATE_EXTERN = NO;
				GCC_WARN_64_TO_32_BIT_CONVERSION = YES;
				GCC_WARN_ABOUT_RETURN_TYPE = YES_ERROR;
				GCC_WARN_UNDECLARED_SELECTOR = YES;
				GCC_WARN_UNINITIALIZED_AUTOS = YES_AGGRESSIVE;
				GCC_WARN_UNUSED_FUNCTION = YES;
				GCC_WARN_UNUSED_VARIABLE = YES;
				MACOSX_DEPLOYMENT_TARGET = 10.10;
				MTL_ENABLE_DEBUG_INFO = YES;
				ONLY_ACTIVE_ARCH = YES;
				SDKROOT = macosx;
			};
			name = Debug;
		};
		65B024EC1AFAE4AD00CC3722 /* Release */ = {
			isa = XCBuildConfiguration;
			buildSettings = {
				ALWAYS_SEARCH_USER_PATHS = NO;
				CLANG_CXX_LANGUAGE_STANDARD = "gnu++0x";
				CLANG_CXX_LIBRARY = "libc++";
				CLANG_ENABLE_MODULES = YES;
				CLANG_ENABLE_OBJC_ARC = YES;
				CLANG_WARN_BOOL_CONVERSION = YES;
				CLANG_WARN_CONSTANT_CONVERSION = YES;
				CLANG_WARN_DIRECT_OBJC_ISA_USAGE = YES_ERROR;
				CLANG_WARN_EMPTY_BODY = YES;
				CLANG_WARN_ENUM_CONVERSION = YES;
				CLANG_WARN_INT_CONVERSION = YES;
				CLANG_WARN_OBJC_ROOT_CLASS = YES_ERROR;
				CLANG_WARN_UNREACHABLE_CODE = YES;
				CLANG_WARN__DUPLICATE_METHOD_MATCH = YES;
				COPY_PHASE_STRIP = NO;
				DEBUG_INFORMATION_FORMAT = "dwarf-with-dsym";
				ENABLE_NS_ASSERTIONS = NO;
				ENABLE_STRICT_OBJC_MSGSEND = YES;
				GCC_C_LANGUAGE_STANDARD = gnu99;
				GCC_NO_COMMON_BLOCKS = YES;
				GCC_WARN_64_TO_32_BIT_CONVERSION = YES;
				GCC_WARN_ABOUT_RETURN_TYPE = YES_ERROR;
				GCC_WARN_UNDECLARED_SELECTOR = YES;
				GCC_WARN_UNINITIALIZED_AUTOS = YES_AGGRESSIVE;
				GCC_WARN_UNUSED_FUNCTION = YES;
				GCC_WARN_UNUSED_VARIABLE = YES;
				MACOSX_DEPLOYMENT_TARGET = 10.10;
				MTL_ENABLE_DEBUG_INFO = NO;
				SDKROOT = macosx;
			};
			name = Release;
		};
		65B024EE1AFAE4AD00CC3722 /* Debug */ = {
			isa = XCBuildConfiguration;
			buildSettings = {
				FRAMEWORK_SEARCH_PATHS = (
					"$(inherited)",
					"$(LOCAL_LIBRARY_DIR)/Frameworks",
				);
				PRODUCT_NAME = "$(TARGET_NAME)";
			};
			name = Debug;
		};
		65B024EF1AFAE4AD00CC3722 /* Release */ = {
			isa = XCBuildConfiguration;
			buildSettings = {
				FRAMEWORK_SEARCH_PATHS = (
					"$(inherited)",
					"$(LOCAL_LIBRARY_DIR)/Frameworks",
				);
				PRODUCT_NAME = "$(TARGET_NAME)";
			};
			name = Release;
		};
/* End XCBuildConfiguration section */

/* Begin XCConfigurationList section */
		65B024E11AFAE4AD00CC3722 /* Build configuration list for PBXProject "knapsack" */ = {
			isa = XCConfigurationList;
			buildConfigurations = (
				65B024EB1AFAE4AD00CC3722 /* Debug */,
				65B024EC1AFAE4AD00CC3722 /* Release */,
			);
			defaultConfigurationIsVisible = 0;
			defaultConfigurationName = Release;
		};
		65B024ED1AFAE4AD00CC3722 /* Build configuration list for PBXNativeTarget "knapsack" */ = {
			isa = XCConfigurationList;
			buildConfigurations = (
				65B024EE1AFAE4AD00CC3722 /* Debug */,
				65B024EF1AFAE4AD00CC3722 /* Release */,
			);
			defaultConfigurationIsVisible = 0;
			defaultConfigurationName = Release;
		};
/* End XCConfigurationList section */
	};
	rootObject = 65B024DE1AFAE4AD00CC3722 /* Project object */;
}
